// !$*UTF8*$!
{
	archiveVersion = 1;
	classes = {
	};
	objectVersion = 50;
	objects = {

/* Begin PBXBuildFile section */
		B63C1A6C233E0928004FC7B0 /* AppDelegate.m in Sources */ = {isa = PBXBuildFile; fileRef = B63C1A6B233E0928004FC7B0 /* AppDelegate.m */; };
		B63C1A6F233E0928004FC7B0 /* SceneDelegate.m in Sources */ = {isa = PBXBuildFile; fileRef = B63C1A6E233E0928004FC7B0 /* SceneDelegate.m */; };
		B63C1A72233E0928004FC7B0 /* ViewController.m in Sources */ = {isa = PBXBuildFile; fileRef = B63C1A71233E0928004FC7B0 /* ViewController.m */; };
		B63C1A75233E0928004FC7B0 /* Main.storyboard in Resources */ = {isa = PBXBuildFile; fileRef = B63C1A73233E0928004FC7B0 /* Main.storyboard */; };
		B63C1A77233E0929004FC7B0 /* Assets.xcassets in Resources */ = {isa = PBXBuildFile; fileRef = B63C1A76233E0929004FC7B0 /* Assets.xcassets */; };
		B63C1A7A233E0929004FC7B0 /* LaunchScreen.storyboard in Resources */ = {isa = PBXBuildFile; fileRef = B63C1A78233E0929004FC7B0 /* LaunchScreen.storyboard */; };
		B63C1A7D233E0929004FC7B0 /* main.m in Sources */ = {isa = PBXBuildFile; fileRef = B63C1A7C233E0929004FC7B0 /* main.m */; };
		B63C1A87233E116D004FC7B0 /* CustomButton.m in Sources */ = {isa = PBXBuildFile; fileRef = B63C1A86233E116D004FC7B0 /* CustomButton.m */; };
		B63C1A8A233E11D7004FC7B0 /* PopView.m in Sources */ = {isa = PBXBuildFile; fileRef = B63C1A89233E11D7004FC7B0 /* PopView.m */; };
/* End PBXBuildFile section */

/* Begin PBXFileReference section */
		B63C1A67233E0928004FC7B0 /* 仿微博弹出视图.app */ = {isa = PBXFileReference; explicitFileType = wrapper.application; includeInIndex = 0; path = "仿微博弹出视图.app"; sourceTree = BUILT_PRODUCTS_DIR; };
		B63C1A6A233E0928004FC7B0 /* AppDelegate.h */ = {isa = PBXFileReference; lastKnownFileType = sourcecode.c.h; path = AppDelegate.h; sourceTree = "<group>"; };
		B63C1A6B233E0928004FC7B0 /* AppDelegate.m */ = {isa = PBXFileReference; lastKnownFileType = sourcecode.c.objc; path = AppDelegate.m; sourceTree = "<group>"; };
		B63C1A6D233E0928004FC7B0 /* SceneDelegate.h */ = {isa = PBXFileReference; lastKnownFileType = sourcecode.c.h; path = SceneDelegate.h; sourceTree = "<group>"; };
		B63C1A6E233E0928004FC7B0 /* SceneDelegate.m */ = {isa = PBXFileReference; lastKnownFileType = sourcecode.c.objc; path = SceneDelegate.m; sourceTree = "<group>"; };
		B63C1A70233E0928004FC7B0 /* ViewController.h */ = {isa = PBXFileReference; lastKnownFileType = sourcecode.c.h; path = ViewController.h; sourceTree = "<group>"; };
		B63C1A71233E0928004FC7B0 /* ViewController.m */ = {isa = PBXFileReference; lastKnownFileType = sourcecode.c.objc; path = ViewController.m; sourceTree = "<group>"; };
		B63C1A74233E0928004FC7B0 /* Base */ = {isa = PBXFileReference; lastKnownFileType = file.storyboard; name = Base; path = Base.lproj/Main.storyboard; sourceTree = "<group>"; };
		B63C1A76233E0929004FC7B0 /* Assets.xcassets */ = {isa = PBXFileReference; lastKnownFileType = folder.assetcatalog; path = Assets.xcassets; sourceTree = "<group>"; };
		B63C1A79233E0929004FC7B0 /* Base */ = {isa = PBXFileReference; lastKnownFileType = file.storyboard; name = Base; path = Base.lproj/LaunchScreen.storyboard; sourceTree = "<group>"; };
		B63C1A7B233E0929004FC7B0 /* Info.plist */ = {isa = PBXFileReference; lastKnownFileType = text.plist.xml; path = Info.plist; sourceTree = "<group>"; };
		B63C1A7C233E0929004FC7B0 /* main.m */ = {isa = PBXFileReference; lastKnownFileType = sourcecode.c.objc; path = main.m; sourceTree = "<group>"; };
		B63C1A83233E09C6004FC7B0 /* Header.h */ = {isa = PBXFileReference; lastKnownFileType = sourcecode.c.h; path = Header.h; sourceTree = "<group>"; };
		B63C1A85233E116D004FC7B0 /* CustomButton.h */ = {isa = PBXFileReference; lastKnownFileType = sourcecode.c.h; path = CustomButton.h; sourceTree = "<group>"; };
		B63C1A86233E116D004FC7B0 /* CustomButton.m */ = {isa = PBXFileReference; lastKnownFileType = sourcecode.c.objc; path = CustomButton.m; sourceTree = "<group>"; };
		B63C1A88233E11D7004FC7B0 /* PopView.h */ = {isa = PBXFileReference; lastKnownFileType = sourcecode.c.h; path = PopView.h; sourceTree = "<group>"; };
		B63C1A89233E11D7004FC7B0 /* PopView.m */ = {isa = PBXFileReference; lastKnownFileType = sourcecode.c.objc; path = PopView.m; sourceTree = "<group>"; };
/* End PBXFileReference section */

/* Begin PBXFrameworksBuildPhase section */
		B63C1A64233E0928004FC7B0 /* Frameworks */ = {
			isa = PBXFrameworksBuildPhase;
			buildActionMask = 2147483647;
			files = (
			);
			runOnlyForDeploymentPostprocessing = 0;
		};
/* End PBXFrameworksBuildPhase section */

/* Begin PBXGroup section */
		B63C1A5E233E0928004FC7B0 = {
			isa = PBXGroup;
			children = (
				B63C1A69233E0928004FC7B0 /* 仿微博弹出视图 */,
				B63C1A68233E0928004FC7B0 /* Products */,
			);
			sourceTree = "<group>";
		};
		B63C1A68233E0928004FC7B0 /* Products */ = {
			isa = PBXGroup;
			children = (
				B63C1A67233E0928004FC7B0 /* 仿微博弹出视图.app */,
			);
			name = Products;
			sourceTree = "<group>";
		};
		B63C1A69233E0928004FC7B0 /* 仿微博弹出视图 */ = {
			isa = PBXGroup;
			children = (
				B63C1A84233E1144004FC7B0 /* PopView */,
				B63C1A6A233E0928004FC7B0 /* AppDelegate.h */,
				B63C1A6B233E0928004FC7B0 /* AppDelegate.m */,
				B63C1A6D233E0928004FC7B0 /* SceneDelegate.h */,
				B63C1A6E233E0928004FC7B0 /* SceneDelegate.m */,
				B63C1A70233E0928004FC7B0 /* ViewController.h */,
				B63C1A71233E0928004FC7B0 /* ViewController.m */,
				B63C1A83233E09C6004FC7B0 /* Header.h */,
				B63C1A73233E0928004FC7B0 /* Main.storyboard */,
				B63C1A76233E0929004FC7B0 /* Assets.xcassets */,
				B63C1A78233E0929004FC7B0 /* LaunchScreen.storyboard */,
				B63C1A7B233E0929004FC7B0 /* Info.plist */,
				B63C1A7C233E0929004FC7B0 /* main.m */,
			);
			path = "仿微博弹出视图";
			sourceTree = "<group>";
		};
		B63C1A84233E1144004FC7B0 /* PopView */ = {
			isa = PBXGroup;
			children = (
				B63C1A85233E116D004FC7B0 /* CustomButton.h */,
				B63C1A86233E116D004FC7B0 /* CustomButton.m */,
				B63C1A88233E11D7004FC7B0 /* PopView.h */,
				B63C1A89233E11D7004FC7B0 /* PopView.m */,
			);
			path = PopView;
			sourceTree = "<group>";
		};
/* End PBXGroup section */

/* Begin PBXNativeTarget section */
		B63C1A66233E0928004FC7B0 /* 仿微博弹出视图 */ = {
			isa = PBXNativeTarget;
			buildConfigurationList = B63C1A80233E0929004FC7B0 /* Build configuration list for PBXNativeTarget "仿微博弹出视图" */;
			buildPhases = (
				B63C1A63233E0928004FC7B0 /* Sources */,
				B63C1A64233E0928004FC7B0 /* Frameworks */,
				B63C1A65233E0928004FC7B0 /* Resources */,
			);
			buildRules = (
			);
			dependencies = (
			);
			name = "仿微博弹出视图";
			productName = "仿微博弹出视图";
			productReference = B63C1A67233E0928004FC7B0 /* 仿微博弹出视图.app */;
			productType = "com.apple.product-type.application";
		};
/* End PBXNativeTarget section */

/* Begin PBXProject section */
		B63C1A5F233E0928004FC7B0 /* Project object */ = {
			isa = PBXProject;
			attributes = {
				LastUpgradeCheck = 1100;
				ORGANIZATIONNAME = "许明洋";
				TargetAttributes = {
					B63C1A66233E0928004FC7B0 = {
						CreatedOnToolsVersion = 11.0;
					};
				};
			};
			buildConfigurationList = B63C1A62233E0928004FC7B0 /* Build configuration list for PBXProject "仿微博弹出视图" */;
			compatibilityVersion = "Xcode 9.3";
			developmentRegion = en;
			hasScannedForEncodings = 0;
			knownRegions = (
				en,
				Base,
			);
			mainGroup = B63C1A5E233E0928004FC7B0;
			productRefGroup = B63C1A68233E0928004FC7B0 /* Products */;
			projectDirPath = "";
			projectRoot = "";
			targets = (
				B63C1A66233E0928004FC7B0 /* 仿微博弹出视图 */,
			);
		};
/* End PBXProject section */

/* Begin PBXResourcesBuildPhase section */
		B63C1A65233E0928004FC7B0 /* Resources */ = {
			isa = PBXResourcesBuildPhase;
			buildActionMask = 2147483647;
			files = (
				B63C1A7A233E0929004FC7B0 /* LaunchScreen.storyboard in Resources */,
				B63C1A77233E0929004FC7B0 /* Assets.xcassets in Resources */,
				B63C1A75233E0928004FC7B0 /* Main.storyboard in Resources */,
			);
			runOnlyForDeploymentPostprocessing = 0;
		};
/* End PBXResourcesBuildPhase section */

/* Begin PBXSourcesBuildPhase section */
		B63C1A63233E0928004FC7B0 /* Sources */ = {
			isa = PBXSourcesBuildPhase;
			buildActionMask = 2147483647;
			files = (
				B63C1A8A233E11D7004FC7B0 /* PopView.m in Sources */,
				B63C1A72233E0928004FC7B0 /* ViewController.m in Sources */,
				B63C1A87233E116D004FC7B0 /* CustomButton.m in Sources */,
				B63C1A6C233E0928004FC7B0 /* AppDelegate.m in Sources */,
				B63C1A7D233E0929004FC7B0 /* main.m in Sources */,
				B63C1A6F233E0928004FC7B0 /* SceneDelegate.m in Sources */,
			);
			runOnlyForDeploymentPostprocessing = 0;
		};
/* End PBXSourcesBuildPhase section */

/* Begin PBXVariantGroup section */
		B63C1A73233E0928004FC7B0 /* Main.storyboard */ = {
			isa = PBXVariantGroup;
			children = (
				B63C1A74233E0928004FC7B0 /* Base */,
			);
			name = Main.storyboard;
			sourceTree = "<group>";
		};
		B63C1A78233E0929004FC7B0 /* LaunchScreen.storyboard */ = {
			isa = PBXVariantGroup;
			children = (
				B63C1A79233E0929004FC7B0 /* Base */,
			);
			name = LaunchScreen.storyboard;
			sourceTree = "<group>";
		};
/* End PBXVariantGroup section */

/* Begin XCBuildConfiguration section */
		B63C1A7E233E0929004FC7B0 /* Debug */ = {
			isa = XCBuildConfiguration;
			buildSettings = {
				ALWAYS_SEARCH_USER_PATHS = NO;
				CLANG_ANALYZER_NONNULL = YES;
				CLANG_ANALYZER_NUMBER_OBJECT_CONVERSION = YES_AGGRESSIVE;
				CLANG_CXX_LANGUAGE_STANDARD = "gnu++14";
				CLANG_CXX_LIBRARY = "libc++";
				CLANG_ENABLE_MODULES = YES;
				CLANG_ENABLE_OBJC_ARC = YES;
				CLANG_ENABLE_OBJC_WEAK = YES;
				CLANG_WARN_BLOCK_CAPTURE_AUTORELEASING = YES;
				CLANG_WARN_BOOL_CONVERSION = YES;
				CLANG_WARN_COMMA = YES;
				CLANG_WARN_CONSTANT_CONVERSION = YES;
				CLANG_WARN_DEPRECATED_OBJC_IMPLEMENTATIONS = YES;
				CLANG_WARN_DIRECT_OBJC_ISA_USAGE = YES_ERROR;
				CLANG_WARN_DOCUMENTATION_COMMENTS = YES;
				CLANG_WARN_EMPTY_BODY = YES;
				CLANG_WARN_ENUM_CONVERSION = YES;
				CLANG_WARN_INFINITE_RECURSION = YES;
				CLANG_WARN_INT_CONVERSION = YES;
				CLANG_WARN_NON_LITERAL_NULL_CONVERSION = YES;
				CLANG_WARN_OBJC_IMPLICIT_RETAIN_SELF = YES;
				CLANG_WARN_OBJC_LITERAL_CONVERSION = YES;
				CLANG_WARN_OBJC_ROOT_CLASS = YES_ERROR;
				CLANG_WARN_RANGE_LOOP_ANALYSIS = YES;
				CLANG_WARN_STRICT_PROTOTYPES = YES;
				CLANG_WARN_SUSPICIOUS_MOVE = YES;
				CLANG_WARN_UNGUARDED_AVAILABILITY = YES_AGGRESSIVE;
				CLANG_WARN_UNREACHABLE_CODE = YES;
				CLANG_WARN__DUPLICATE_METHOD_MATCH = YES;
				COPY_PHASE_STRIP = NO;
				DEBUG_INFORMATION_FORMAT = dwarf;
				ENABLE_STRICT_OBJC_MSGSEND = YES;
				ENABLE_TESTABILITY = YES;
				GCC_C_LANGUAGE_STANDARD = gnu11;
				GCC_DYNAMIC_NO_PIC = NO;
				GCC_NO_COMMON_BLOCKS = YES;
				GCC_OPTIMIZATION_LEVEL = 0;
				GCC_PREPROCESSOR_DEFINITIONS = (
					"DEBUG=1",
					"$(inherited)",
				);
				GCC_WARN_64_TO_32_BIT_CONVERSION = YES;
				GCC_WARN_ABOUT_RETURN_TYPE = YES_ERROR;
				GCC_WARN_UNDECLARED_SELECTOR = YES;
				GCC_WARN_UNINITIALIZED_AUTOS = YES_AGGRESSIVE;
				GCC_WARN_UNUSED_FUNCTION = YES;
				GCC_WARN_UNUSED_VARIABLE = YES;
				IPHONEOS_DEPLOYMENT_TARGET = 13.0;
				MTL_ENABLE_DEBUG_INFO = INCLUDE_SOURCE;
				MTL_FAST_MATH = YES;
				ONLY_ACTIVE_ARCH = YES;
				SDKROOT = iphoneos;
			};
			name = Debug;
		};
		B63C1A7F233E0929004FC7B0 /* Release */ = {
			isa = XCBuildConfiguration;
			buildSettings = {
				ALWAYS_SEARCH_USER_PATHS = NO;
				CLANG_ANALYZER_NONNULL = YES;
				CLANG_ANALYZER_NUMBER_OBJECT_CONVERSION = YES_AGGRESSIVE;
				CLANG_CXX_LANGUAGE_STANDARD = "gnu++14";
				CLANG_CXX_LIBRARY = "libc++";
				CLANG_ENABLE_MODULES = YES;
				CLANG_ENABLE_OBJC_ARC = YES;
				CLANG_ENABLE_OBJC_WEAK = YES;
				CLANG_WARN_BLOCK_CAPTURE_AUTORELEASING = YES;
				CLANG_WARN_BOOL_CONVERSION = YES;
				CLANG_WARN_COMMA = YES;
				CLANG_WARN_CONSTANT_CONVERSION = YES;
				CLANG_WARN_DEPRECATED_OBJC_IMPLEMENTATIONS = YES;
				CLANG_WARN_DIRECT_OBJC_ISA_USAGE = YES_ERROR;
				CLANG_WARN_DOCUMENTATION_COMMENTS = YES;
				CLANG_WARN_EMPTY_BODY = YES;
				CLANG_WARN_ENUM_CONVERSION = YES;
				CLANG_WARN_INFINITE_RECURSION = YES;
				CLANG_WARN_INT_CONVERSION = YES;
				CLANG_WARN_NON_LITERAL_NULL_CONVERSION = YES;
				CLANG_WARN_OBJC_IMPLICIT_RETAIN_SELF = YES;
				CLANG_WARN_OBJC_LITERAL_CONVERSION = YES;
				CLANG_WARN_OBJC_ROOT_CLASS = YES_ERROR;
				CLANG_WARN_RANGE_LOOP_ANALYSIS = YES;
				CLANG_WARN_STRICT_PROTOTYPES = YES;
				CLANG_WARN_SUSPICIOUS_MOVE = YES;
				CLANG_WARN_UNGUARDED_AVAILABILITY = YES_AGGRESSIVE;
				CLANG_WARN_UNREACHABLE_CODE = YES;
				CLANG_WARN__DUPLICATE_METHOD_MATCH = YES;
				COPY_PHASE_STRIP = NO;
				DEBUG_INFORMATION_FORMAT = "dwarf-with-dsym";
				ENABLE_NS_ASSERTIONS = NO;
				ENABLE_STRICT_OBJC_MSGSEND = YES;
				GCC_C_LANGUAGE_STANDARD = gnu11;
				GCC_NO_COMMON_BLOCKS = YES;
				GCC_WARN_64_TO_32_BIT_CONVERSION = YES;
				GCC_WARN_ABOUT_RETURN_TYPE = YES_ERROR;
				GCC_WARN_UNDECLARED_SELECTOR = YES;
				GCC_WARN_UNINITIALIZED_AUTOS = YES_AGGRESSIVE;
				GCC_WARN_UNUSED_FUNCTION = YES;
				GCC_WARN_UNUSED_VARIABLE = YES;
				IPHONEOS_DEPLOYMENT_TARGET = 13.0;
				MTL_ENABLE_DEBUG_INFO = NO;
				MTL_FAST_MATH = YES;
				SDKROOT = iphoneos;
				VALIDATE_PRODUCT = YES;
			};
			name = Release;
		};
		B63C1A81233E0929004FC7B0 /* Debug */ = {
			isa = XCBuildConfiguration;
			buildSettings = {
				ASSETCATALOG_COMPILER_APPICON_NAME = AppIcon;
				CODE_SIGN_STYLE = Automatic;
				DEVELOPMENT_TEAM = NC2M6D7A5Q;
				INFOPLIST_FILE = "仿微博弹出视图/Info.plist";
				LD_RUNPATH_SEARCH_PATHS = (
					"$(inherited)",
					"@executable_path/Frameworks",
				);
				PRODUCT_BUNDLE_IDENTIFIER = "com.greatyun.-------";
				PRODUCT_NAME = "$(TARGET_NAME)";
				TARGETED_DEVICE_FAMILY = "1,2";
			};
			name = Debug;
		};
		B63C1A82233E0929004FC7B0 /* Release */ = {
			isa = XCBuildConfiguration;
			buildSettings = {
				ASSETCATALOG_COMPILER_APPICON_NAME = AppIcon;
				CODE_SIGN_STYLE = Automatic;
				DEVELOPMENT_TEAM = NC2M6D7A5Q;
				INFOPLIST_FILE = "仿微博弹出视图/Info.plist";
				LD_RUNPATH_SEARCH_PATHS = (
					"$(inherited)",
					"@executable_path/Frameworks",
				);
				PRODUCT_BUNDLE_IDENTIFIER = "com.greatyun.-------";
				PRODUCT_NAME = "$(TARGET_NAME)";
				TARGETED_DEVICE_FAMILY = "1,2";
			};
			name = Release;
		};
/* End XCBuildConfiguration section */

/* Begin XCConfigurationList section */
		B63C1A62233E0928004FC7B0 /* Build configuration list for PBXProject "仿微博弹出视图" */ = {
			isa = XCConfigurationList;
			buildConfigurations = (
				B63C1A7E233E0929004FC7B0 /* Debug */,
				B63C1A7F233E0929004FC7B0 /* Release */,
			);
			defaultConfigurationIsVisible = 0;
			defaultConfigurationName = Release;
		};
		B63C1A80233E0929004FC7B0 /* Build configuration list for PBXNativeTarget "仿微博弹出视图" */ = {
			isa = XCConfigurationList;
			buildConfigurations = (
				B63C1A81233E0929004FC7B0 /* Debug */,
				B63C1A82233E0929004FC7B0 /* Release */,
			);
			defaultConfigurationIsVisible = 0;
			defaultConfigurationName = Release;
		};
/* End XCConfigurationList section */
	};
	rootObject = B63C1A5F233E0928004FC7B0 /* Project object */;
}
